schema: '2.0'
stages:
  data_ingestion:
    cmd: python src/data_ingestion.py
    deps:
    - path: src/data_ingestion.py
      hash: md5
      md5: bdc15f0304f59ce710b4d4dc51345373
      size: 471
    outs:
    - path: data/raw/test.csv
      hash: md5
      md5: 7443713d68c4d3c19499b7eaba1c672d
      size: 508
    - path: data/raw/train.csv
      hash: md5
      md5: e3979e36262893c4bc47f559364f695e
      size: 1866
  feature_engineering:
    cmd: python src/feature_engineering.py
    deps:
    - path: data/raw/test.csv
      hash: md5
      md5: 7443713d68c4d3c19499b7eaba1c672d
      size: 508
    - path: data/raw/train.csv
      hash: md5
      md5: e3979e36262893c4bc47f559364f695e
      size: 1866
    - path: src/feature_engineering.py
      hash: md5
      md5: d1beb2a340ed99d6c1a8d1b30145d6b6
      size: 1409
    params:
      params.yaml:
        feature_engineering.n_components: 3
    outs:
    - path: data/processed/test_processed.csv
      hash: md5
      md5: 0669273bf930ebdc3522d71d1267304c
      size: 1263
    - path: data/processed/train_processed.csv
      hash: md5
      md5: feac5c3fc2f899992854f855fbe7098a
      size: 4961
  train_model:
    cmd: python src/model_training.py
    deps:
    - path: data/processed/train_processed.csv
      hash: md5
      md5: feac5c3fc2f899992854f855fbe7098a
      size: 4961
    - path: src/model_training.py
      hash: md5
      md5: bc44159337af4b1075009835f3065e48
      size: 941
    params:
      params.yaml:
        model_training.bootstrap: false
        model_training.criterion: gini
        model_training.max_depth: 200
        model_training.n_estimators: 100
    outs:
    - path: model.pkl
      hash: md5
      md5: edd3be301845cce9f0ea36c97f9dd2bd
      size: 498700
  evaluate_model:
    cmd: python src/model_evaluation.py
    deps:
    - path: data/processed/test_processed.csv
      hash: md5
      md5: 0669273bf930ebdc3522d71d1267304c
      size: 1263
    - path: model.pkl
      hash: md5
      md5: edd3be301845cce9f0ea36c97f9dd2bd
      size: 498700
    - path: src/model_evaluation.py
      hash: md5
      md5: 984fde32f1255df877a8d057cbb83638
      size: 1402
    params:
      params.yaml:
        feature_engineering.n_components: 3
        model_training.bootstrap: false
        model_training.criterion: gini
        model_training.max_depth: 200
        model_training.n_estimators: 100
    outs:
    - path: metrics.json
      hash: md5
      md5: f816e8b09016028a9625abde747c5613
      size: 99
